
Microsoft Visual Studio Solution File, Format Version 12.00
# Visual Studio Version 16
VisualStudioVersion = 16.0.30907.101
MinimumVisualStudioVersion = 10.0.40219.1
Project("{FAE04EC0-301F-11D3-BF4B-00C04F79EFBC}") = "algoritum2", "algoritum2\algoritum2.csproj", "{F84B9772-F57E-4F76-A70D-3FF95C5C7078}"
EndProject
Global
	GlobalSection(SolutionConfigurationPlatforms) = preSolution
		Debug|Any CPU = Debug|Any CPU
		Release|Any CPU = Release|Any CPU
	EndGlobalSection
	GlobalSection(ProjectConfigurationPlatforms) = postSolution
		{F84B9772-F57E-4F76-A70D-3FF95C5C7078}.Debug|Any CPU.ActiveCfg = Debug|Any CPU
		{F84B9772-F57E-4F76-A70D-3FF95C5C7078}.Debug|Any CPU.Build.0 = Debug|Any CPU
		{F84B9772-F57E-4F76-A70D-3FF95C5C7078}.Release|Any CPU.ActiveCfg = Release|Any CPU
		{F84B9772-F57E-4F76-A70D-3FF95C5C7078}.Release|Any CPU.Build.0 = Release|Any CPU
	EndGlobalSection
	GlobalSection(SolutionProperties) = preSolution
		HideSolutionNode = FALSE
	EndGlobalSection
	GlobalSection(ExtensibilityGlobals) = postSolution
		SolutionGuid = {AFC94820-5404-4BC5-987E-562F63D5F34D}
	EndGlobalSection
EndGlobal
